# platform: linux-64
# env_hash: 65fcabd78c562e3afb0d242197c0dbf33b256f302af9a8ba669b193c4cd04000
@EXPLICIT
https://conda.anaconda.org/conda-forge/linux-64/_libgcc_mutex-0.1-conda_forge.tar.bz2#d7c89558ba9fa0495403155b64376d81
https://conda.anaconda.org/conda-forge/linux-64/ca-certificates-2020.12.5-ha878542_0.tar.bz2#7eb5d4ffeee663caa1635cd67071bc1b
https://conda.anaconda.org/conda-forge/linux-64/ld_impl_linux-64-2.35.1-hea4e1c9_2.tar.bz2#83610dba766a186bdc7a116053b782a4
https://conda.anaconda.org/conda-forge/linux-64/libgfortran5-9.3.0-hff62375_18.tar.bz2#86a1cade1bc2b99a6419ba980f730bff
https://conda.anaconda.org/conda-forge/linux-64/libstdcxx-ng-9.3.0-h6de172a_18.tar.bz2#2f03cd1e5c966d4af5822c7ae089ab03
https://conda.anaconda.org/conda-forge/linux-64/pandoc-2.11.4-h7f98852_0.tar.bz2#1c827fa4db40e5e92c2619ba8fe30500
https://conda.anaconda.org/conda-forge/linux-64/libgfortran-ng-9.3.0-hff62375_18.tar.bz2#db417845fae12a62b6720f09f51ab6a7
https://conda.anaconda.org/conda-forge/linux-64/libgomp-9.3.0-h2828fa1_18.tar.bz2#fc7a2a7e6a741c8afdd764715ac7039d
https://conda.anaconda.org/conda-forge/linux-64/_openmp_mutex-4.5-1_gnu.tar.bz2#561e277319a41d4f24f5c05a9ef63c04
https://conda.anaconda.org/conda-forge/linux-64/libgcc-ng-9.3.0-h2828fa1_18.tar.bz2#5a9490c49a3505a6d19bda012cde6ad3
https://conda.anaconda.org/conda-forge/linux-64/jpeg-9d-h36c2ea0_0.tar.bz2#ea02ce6037dbe81803ae6123e5ba1568
https://conda.anaconda.org/conda-forge/linux-64/libffi-3.3-h58526e2_2.tar.bz2#665369991d8dd290ac5ee92fce3e6bf5
https://conda.anaconda.org/conda-forge/linux-64/libopenblas-0.3.12-pthreads_h4812303_1.tar.bz2#2c7126a584f05e7bc8885d64dad3d21a
https://conda.anaconda.org/conda-forge/linux-64/libsodium-1.0.18-h36c2ea0_1.tar.bz2#c3788462a6fbddafdb413a9f9053e58d
https://conda.anaconda.org/conda-forge/linux-64/libwebp-base-1.2.0-h7f98852_0.tar.bz2#747d8f09e5340bc40480eb765903ec97
https://conda.anaconda.org/conda-forge/linux-64/lz4-c-1.9.3-h9c3ff4c_0.tar.bz2#4eb64ee0d5cd43096ffcf843c76b05d4
https://conda.anaconda.org/conda-forge/linux-64/ncurses-6.2-h58526e2_4.tar.bz2#509f2a21c4a09214cd737a480dfd80c9
https://conda.anaconda.org/conda-forge/linux-64/openssl-1.1.1i-h7f98852_0.tar.bz2#bc63956d32024c8e0853ff2ca7f2bf05
https://conda.anaconda.org/conda-forge/linux-64/xz-5.2.5-h516909a_1.tar.bz2#33f601066901f3e1a85af3522a8113f9
https://conda.anaconda.org/conda-forge/linux-64/yaml-0.2.5-h516909a_0.tar.bz2#03a530e925414902547cf48da7756db8
https://conda.anaconda.org/conda-forge/linux-64/zlib-1.2.11-h516909a_1010.tar.bz2#339cc5584e6d26bc73a875ba900028c3
https://conda.anaconda.org/conda-forge/linux-64/libblas-3.9.0-7_openblas.tar.bz2#ef1ef81512d2a0108f6d08c53c73f93a
https://conda.anaconda.org/conda-forge/linux-64/libpng-1.6.37-h21135ba_2.tar.bz2#b6acf807307d033d4b7e758b4f44b036
https://conda.anaconda.org/conda-forge/linux-64/readline-8.0-he28a2e2_2.tar.bz2#4d0ae8d473f863696088f76800ef9d38
https://conda.anaconda.org/conda-forge/linux-64/tk-8.6.10-h21135ba_1.tar.bz2#c647f70aa7e3d4cc4e029cc1c9a99953
https://conda.anaconda.org/conda-forge/linux-64/zeromq-4.3.3-h58526e2_3.tar.bz2#6272fa8d98bd79c7978da0f7d2bb28da
https://conda.anaconda.org/conda-forge/linux-64/zstd-1.4.8-ha95c52a_1.tar.bz2#ed4dbbaf7d81423678632bf982f45ede
https://conda.anaconda.org/conda-forge/linux-64/freetype-2.10.4-h0708190_1.tar.bz2#4a06f2ac2e5bfae7b6b245171c3f07aa
https://conda.anaconda.org/conda-forge/linux-64/libcblas-3.9.0-7_openblas.tar.bz2#824011e46c90e61e77a42ee6f826c1d8
https://conda.anaconda.org/conda-forge/linux-64/liblapack-3.9.0-7_openblas.tar.bz2#0c0186080d44935d775d16d9842a2df2
https://conda.anaconda.org/conda-forge/linux-64/libtiff-4.2.0-hdc55705_0.tar.bz2#f1406324f1d02fa26447a0a0f2dd0107
https://conda.anaconda.org/conda-forge/linux-64/sqlite-3.34.0-h74cdb3f_0.tar.bz2#0a83e21e8c1929cc9a1e21ebb2459fc5
https://conda.anaconda.org/conda-forge/linux-64/lcms2-2.11-hcbb858e_1.tar.bz2#89fcd6a52a99f3e255989f8cfc80c489
https://conda.anaconda.org/conda-forge/linux-64/python-3.7.9-hffdb5ce_0_cpython.tar.bz2#5dad14aa9de356dc1d10635fe5529fa3
https://conda.anaconda.org/conda-forge/noarch/alabaster-0.7.12-py_0.tar.bz2#2489a97287f90176ecdc3ca982b4b0a0
https://conda.anaconda.org/conda-forge/noarch/appdirs-1.4.4-pyh9f0ad1d_0.tar.bz2#5f095bc6454094e96f146491fd03633b
https://conda.anaconda.org/conda-forge/noarch/async_generator-1.10-py_0.tar.bz2#d56c596e61b1c4952acf0a9920856c12
https://conda.anaconda.org/conda-forge/noarch/attrs-20.3.0-pyhd3deb0d_0.tar.bz2#5b319abb055eefcfa344bc21378ca23f
https://conda.anaconda.org/conda-forge/noarch/backports-1.0-py_2.tar.bz2#0da16b293affa6ac31812376f8eb79dd
https://conda.anaconda.org/conda-forge/noarch/click-7.1.2-pyh9f0ad1d_0.tar.bz2#bd50a970ce07e660c319fdc4d730d3f1
https://conda.anaconda.org/conda-forge/noarch/cloudpickle-1.6.0-py_0.tar.bz2#76d764d8881719e305f6fa368dc2b65e
https://conda.anaconda.org/conda-forge/noarch/colorama-0.4.4-pyh9f0ad1d_0.tar.bz2#c08b4c1326b880ed44f3ffb04803332f
https://conda.anaconda.org/conda-forge/noarch/decorator-4.4.2-py_0.tar.bz2#d2eabb9cabd212e1ec6a9463bd846243
https://conda.anaconda.org/conda-forge/noarch/defusedxml-0.6.0-py_0.tar.bz2#37e1033daee0e2edaa5ff42584c52b21
https://conda.anaconda.org/conda-forge/noarch/distlib-0.3.1-pyh9f0ad1d_0.tar.bz2#db990401a267e2b15854af5f3f84f763
https://conda.anaconda.org/conda-forge/noarch/entrypoints-0.3-pyhd8ed1ab_1003.tar.bz2#bbf9a201f6ce99a506f4955374d9a9f4
https://conda.anaconda.org/conda-forge/noarch/filelock-3.0.12-pyh9f0ad1d_0.tar.bz2#7544ed05bbbe9bb687bc9bcbe4d6cb46
https://conda.anaconda.org/conda-forge/noarch/fsspec-0.8.5-pyhd8ed1ab_0.tar.bz2#6f86dae0901b373f96b7e92768ef6ebe
https://conda.anaconda.org/conda-forge/noarch/heapdict-1.0.1-py_0.tar.bz2#77242bfb1e74a627fb06319b5a2d3b95
https://conda.anaconda.org/conda-forge/noarch/idna-2.10-pyh9f0ad1d_0.tar.bz2#f95a12b4f435aae6680fe55ae2eb1b06
https://conda.anaconda.org/conda-forge/noarch/imagesize-1.2.0-py_0.tar.bz2#5879bd2c4b399a5072468e5fe587bf1b
https://conda.anaconda.org/conda-forge/noarch/iniconfig-1.1.1-pyh9f0ad1d_0.tar.bz2#39161f81cc5e5ca45b8226fbb06c6905
https://conda.anaconda.org/conda-forge/noarch/ipython_genutils-0.2.0-py_1.tar.bz2#5071c982548b3a20caf70462f04f5287
https://conda.anaconda.org/conda-forge/noarch/jupyterlab_widgets-1.0.0-pyhd8ed1ab_1.tar.bz2#f8da92114c8fbe1d951b0efaf54dd14b
https://conda.anaconda.org/conda-forge/noarch/locket-0.2.0-py_2.tar.bz2#709e8671651c7ec3d1ad07800339ff1d
https://conda.anaconda.org/conda-forge/noarch/more-itertools-8.6.0-pyhd8ed1ab_0.tar.bz2#980af7a97980ad4cc867b3c1fad782e7
https://conda.anaconda.org/conda-forge/noarch/nest-asyncio-1.4.3-pyhd8ed1ab_0.tar.bz2#a1f2fda4d88c624810bf2029aa4c0827
https://conda.anaconda.org/conda-forge/noarch/olefile-0.46-pyh9f0ad1d_1.tar.bz2#0b2e68acc8c78c8cc392b90983481f58
https://conda.anaconda.org/conda-forge/noarch/pandocfilters-1.4.2-py_1.tar.bz2#ba6f4a308f1ea22abe1d72e72544af76
https://conda.anaconda.org/conda-forge/noarch/pickleshare-0.7.5-py_1003.tar.bz2#415f0ebb6198cc2801c73438a9fb5761
https://conda.anaconda.org/conda-forge/noarch/prometheus_client-0.9.0-pyhd3deb0d_0.tar.bz2#c7af95daf5bae22ead34151e0ab9d041
https://conda.anaconda.org/conda-forge/noarch/ptyprocess-0.7.0-pyhd3deb0d_0.tar.bz2#359eeb6536da0e687af562ed265ec263
https://conda.anaconda.org/conda-forge/noarch/py-1.10.0-pyhd3deb0d_0.tar.bz2#88ca1328ecc79a070214aa24911bace8
https://conda.anaconda.org/conda-forge/noarch/pycparser-2.20-pyh9f0ad1d_2.tar.bz2#aa798d50ffd182a0f6f31478c7f434f6
https://conda.anaconda.org/conda-forge/noarch/pyparsing-2.4.7-pyh9f0ad1d_0.tar.bz2#626c4f20d5bf06dcec9cf2eaa31725c7
https://conda.anaconda.org/conda-forge/linux-64/python_abi-3.7-1_cp37m.tar.bz2#658a5c3d766bfc6574480204b10a6f20
https://conda.anaconda.org/conda-forge/noarch/pytz-2020.5-pyhd8ed1ab_0.tar.bz2#9dbafab7fbbc1ef46a60858fb6320d8a
https://conda.anaconda.org/conda-forge/noarch/send2trash-1.5.0-py_0.tar.bz2#c3779037a635e1150f1c53c28b875949
https://conda.anaconda.org/conda-forge/noarch/shellingham-1.3.2-py_0.tar.bz2#8547d23a5e813812776da52bec771579
https://conda.anaconda.org/conda-forge/noarch/simplegeneric-0.8.1-py_1.tar.bz2#a561caf8601e8d85547c77a54ee99333
https://conda.anaconda.org/conda-forge/noarch/six-1.15.0-pyh9f0ad1d_0.tar.bz2#1eec421f0f1f39e579e44e4a5ce646a2
https://conda.anaconda.org/conda-forge/noarch/smmap-3.0.5-pyh44b312d_0.tar.bz2#3a8dc70789709aa315325d5df06fb7e4
https://conda.anaconda.org/conda-forge/noarch/snowballstemmer-2.1.0-pyhd8ed1ab_0.tar.bz2#f1d64c0cf0eedf655a96ccdc1573c05a
https://conda.anaconda.org/conda-forge/noarch/sortedcontainers-2.3.0-pyhd8ed1ab_0.tar.bz2#2f5b87cd0bdf1822b62e40909f471db4
https://conda.anaconda.org/conda-forge/noarch/sphinxcontrib-applehelp-1.0.2-py_0.tar.bz2#20b2eaeaeea4ef9a9a0d99770620fd09
https://conda.anaconda.org/conda-forge/noarch/sphinxcontrib-devhelp-1.0.2-py_0.tar.bz2#68e01cac9d38d0e717cd5c87bc3d2cc9
https://conda.anaconda.org/conda-forge/noarch/sphinxcontrib-htmlhelp-1.0.3-py_0.tar.bz2#4508a40465ebf0105e52f7194f299411
https://conda.anaconda.org/conda-forge/noarch/sphinxcontrib-jsmath-1.0.1-py_0.tar.bz2#67cd9d9c0382d37479b4d306c369a2d4
https://conda.anaconda.org/conda-forge/noarch/sphinxcontrib-qthelp-1.0.3-py_0.tar.bz2#d01180388e6d1838c3e1ad029590aa7a
https://conda.anaconda.org/conda-forge/noarch/sphinxcontrib-serializinghtml-1.1.4-py_0.tar.bz2#8ea6a8036e28dba8827d35c764709358
https://conda.anaconda.org/conda-forge/noarch/tblib-1.6.0-py_0.tar.bz2#0e1562c39e804e0d7df8650626379caa
https://conda.anaconda.org/conda-forge/noarch/testpath-0.4.4-py_0.tar.bz2#3b98fff4d5342bebde2ecaa314f796f9
https://conda.anaconda.org/conda-forge/noarch/toml-0.10.2-pyhd8ed1ab_0.tar.bz2#f832c45a477c78bebd107098db465095
https://conda.anaconda.org/conda-forge/noarch/toolz-0.11.1-py_0.tar.bz2#d1e66b58cb00b3817ad9f05eec098c00
https://conda.anaconda.org/conda-forge/noarch/typing_extensions-3.7.4.3-py_0.tar.bz2#12b96e382730541a4b332420227055ae
https://conda.anaconda.org/conda-forge/noarch/webencodings-0.5.1-py_1.tar.bz2#3563be4c5611a44210d9ba0c16113136
https://conda.anaconda.org/conda-forge/noarch/wheel-0.36.2-pyhd3deb0d_0.tar.bz2#768bfbe026426d0e76b377997d1f2b98
https://conda.anaconda.org/conda-forge/noarch/zipp-3.4.0-py_0.tar.bz2#0df927d2e46244cef8fd75d7ec2ba51c
https://conda.anaconda.org/conda-forge/noarch/babel-2.9.0-pyhd3deb0d_0.tar.bz2#1cb532c9a6fd4e56a9f0906b87c17b76
https://conda.anaconda.org/conda-forge/linux-64/certifi-2020.12.5-py37h89c1867_1.tar.bz2#fb121f213009359498ada17a9e6d775f
https://conda.anaconda.org/conda-forge/linux-64/cffi-1.14.4-py37hc58025e_1.tar.bz2#b1d54180056feb907b9891f8f393c1f1
https://conda.anaconda.org/conda-forge/linux-64/chardet-4.0.0-py37h89c1867_1.tar.bz2#f4fbd4721b80f0d6b53b3a3374914068
https://conda.anaconda.org/conda-forge/noarch/click-log-0.3.2-pyh9f0ad1d_0.tar.bz2#3a64d156136fad977df1b81a24b57ac0
https://conda.anaconda.org/conda-forge/linux-64/colorlog-4.7.2-py37h89c1867_0.tar.bz2#cfb168ac40d678072c15c2f3bfeee183
https://conda.anaconda.org/conda-forge/linux-64/cytoolz-0.11.0-py37h5e8e339_3.tar.bz2#2e89a6f3baf5eeb13763f61ea3d0601f
https://conda.anaconda.org/conda-forge/linux-64/docutils-0.16-py37h89c1867_3.tar.bz2#3da23bcf1d502670cec18fd3a04f409b
https://conda.anaconda.org/conda-forge/noarch/gitdb-4.0.5-pyhd8ed1ab_1.tar.bz2#14fb34dc223b58dba9b21d3c15b0a809
https://conda.anaconda.org/conda-forge/linux-64/importlib-metadata-3.4.0-py37h89c1867_0.tar.bz2#d3807b35a6a38d7194f81172705a1da7
https://conda.anaconda.org/conda-forge/noarch/markdown-it-py-0.5.8-pyhd8ed1ab_0.tar.bz2#e2e3be408426e5aace9504f0385c1e32
https://conda.anaconda.org/conda-forge/linux-64/markupsafe-1.1.1-py37h5e8e339_3.tar.bz2#b874d44750373553008083116442c972
https://conda.anaconda.org/conda-forge/linux-64/mistune-0.8.4-py37h5e8e339_1003.tar.bz2#6a636219f0f50dab2c327237e95f98c7
https://conda.anaconda.org/conda-forge/linux-64/msgpack-python-1.0.2-py37h2527ec5_1.tar.bz2#07952b04eee02d873daa311a35b27454
https://conda.anaconda.org/conda-forge/linux-64/numpy-1.20.0-py37haa41c4c_0.tar.bz2#438c9ae5f06ef8c1872d823358786a0a
https://conda.anaconda.org/conda-forge/noarch/packaging-20.8-pyhd3deb0d_0.tar.bz2#1e483acb0f72b1611b50942458720169
https://conda.anaconda.org/conda-forge/noarch/partd-1.1.0-py_0.tar.bz2#4afbf2cdf4e6ad279080d3adb5cefaae
https://conda.anaconda.org/conda-forge/noarch/pexpect-4.8.0-pyh9f0ad1d_2.tar.bz2#5909e7b978141dd80d28dbf9de627827
https://conda.anaconda.org/conda-forge/linux-64/pillow-8.1.0-py37he6b4880_1.tar.bz2#db3fe0905febb0888cbfeac855c7fa26
https://conda.anaconda.org/conda-forge/linux-64/psutil-5.8.0-py37h5e8e339_1.tar.bz2#2923250371b05e798f3732531cdb5300
https://conda.anaconda.org/conda-forge/linux-64/pyrsistent-0.17.3-py37h5e8e339_2.tar.bz2#829e0a0279d711a7b5aa67fe18c73672
https://conda.anaconda.org/conda-forge/linux-64/pysocks-1.7.1-py37h89c1867_3.tar.bz2#bd069d59ee91a2e26552cd7bb4c64032
https://conda.anaconda.org/conda-forge/noarch/python-dateutil-2.8.1-py_0.tar.bz2#0d0150ed9c2d25817f5324108d3f7571
https://conda.anaconda.org/conda-forge/linux-64/pyyaml-5.4.1-py37h5e8e339_0.tar.bz2#090550b9425fe9a87dc1ec7fde201633
https://conda.anaconda.org/conda-forge/linux-64/pyzmq-22.0.1-py37h499b945_0.tar.bz2#5951a13f2c285dd19c9ed392a0e0d7a5
https://conda.anaconda.org/conda-forge/linux-64/sqlalchemy-1.3.22-py37h5e8e339_1.tar.bz2#564c8170e86a280eaf009ccb653bd135
https://conda.anaconda.org/conda-forge/linux-64/tornado-6.1-py37h5e8e339_1.tar.bz2#92449128c4639feae48d731ef2186099
https://conda.anaconda.org/conda-forge/noarch/traitlets-5.0.5-py_0.tar.bz2#99618ee9ab1323e40f231acdab92fe60
https://conda.anaconda.org/conda-forge/noarch/zict-2.0.0-py_0.tar.bz2#4750152be22f24d695b3004c5e1712d3
https://conda.anaconda.org/conda-forge/linux-64/argon2-cffi-20.1.0-py37h5e8e339_2.tar.bz2#5403470dcc6211e0ad72077616e2519d
https://conda.anaconda.org/conda-forge/linux-64/brotlipy-0.7.0-py37h5e8e339_1001.tar.bz2#871eed4ba322e7b3f200956a096b34e7
https://conda.anaconda.org/conda-forge/linux-64/cryptography-3.3.1-py37h7f0c10b_1.tar.bz2#ef764995a70425f26e63591d52961954
https://conda.anaconda.org/conda-forge/noarch/dask-core-2021.1.1-pyhd8ed1ab_0.tar.bz2#88b697735e71dbfb83aa206003b0011a
https://conda.anaconda.org/conda-forge/noarch/gitpython-3.1.12-pyhd8ed1ab_0.tar.bz2#aa5f99bb5093ca53b133805192e04330
https://conda.anaconda.org/conda-forge/noarch/importlib_metadata-3.4.0-hd8ed1ab_0.tar.bz2#6d962cade0658bb1040a3e994add14e0
https://conda.anaconda.org/conda-forge/linux-64/jupyter_core-4.7.1-py37h89c1867_0.tar.bz2#42202575ecb1cc9491d57a4ad25f14bb
https://conda.anaconda.org/conda-forge/linux-64/pandas-1.2.1-py37hdc94413_0.tar.bz2#e3ab7c656a2da84d67d8621d3dcf4f87
https://conda.anaconda.org/conda-forge/linux-64/setuptools-49.6.0-py37h89c1867_3.tar.bz2#928c178bf6805b8ab71fabaa620e0234
https://conda.anaconda.org/conda-forge/linux-64/terminado-0.9.2-py37h89c1867_0.tar.bz2#660216081c3ff3826a726bb16a623576
https://conda.anaconda.org/conda-forge/linux-64/virtualenv-20.4.1-py37h89c1867_0.tar.bz2#42cb3583273325f72828fff412ca4cdf
https://conda.anaconda.org/conda-forge/noarch/argcomplete-1.12.2-pyhd8ed1ab_0.tar.bz2#bf9b467f8d01e4c512f805118533004c
https://conda.anaconda.org/conda-forge/noarch/backports.functools_lru_cache-1.6.1-py_0.tar.bz2#d36df15eaef96549ce6231e3088fba54
https://conda.anaconda.org/conda-forge/noarch/bleach-3.2.3-pyh44b312d_0.tar.bz2#60c3560b22ab68eec63b4df0df29a180
https://conda.anaconda.org/conda-forge/linux-64/distributed-2021.1.1-py37h89c1867_0.tar.bz2#ddf6161ab3066a20e6009adcffc9ac95
https://conda.anaconda.org/conda-forge/noarch/jinja2-2.11.3-pyh44b312d_0.tar.bz2#1d4c3605d85a3655b1595e0694138eb6
https://conda.anaconda.org/conda-forge/noarch/jsonschema-3.2.0-py_2.tar.bz2#a17aa962de6145d08e1008cb37c20161
https://conda.anaconda.org/conda-forge/noarch/jupyter_client-6.1.11-pyhd8ed1ab_1.tar.bz2#0fcd80df6d4e0558754c39453ffa3110
https://conda.anaconda.org/conda-forge/noarch/pip-21.0.1-pyhd8ed1ab_0.tar.bz2#849477e10d78cbc283c78fd53bfbb567
https://conda.anaconda.org/conda-forge/linux-64/pluggy-0.13.1-py37h89c1867_4.tar.bz2#fae2ad595398817ce166a1af18dfe295
https://conda.anaconda.org/conda-forge/noarch/pygments-2.7.4-pyhd8ed1ab_0.tar.bz2#d162b2e135758c51410bacfa6f5ef5bb
https://conda.anaconda.org/conda-forge/noarch/pyopenssl-20.0.1-pyhd8ed1ab_0.tar.bz2#92371c25994d0f5d28a01c1fb75ebf86
https://conda.anaconda.org/conda-forge/linux-64/bokeh-2.2.3-py37h89c1867_0.tar.bz2#fdcdc0165dc38bd0f2035c3f4ae0c7ec
https://conda.anaconda.org/conda-forge/linux-64/click-completion-0.5.2-py37h89c1867_2.tar.bz2#82f4a4c7ffd3b9d2b131a892c57550c3
https://conda.anaconda.org/conda-forge/noarch/nbformat-5.1.2-pyhd8ed1ab_1.tar.bz2#9633dbb668ac1f9266427672816899dc
https://conda.anaconda.org/conda-forge/noarch/nox-2020.12.31-pyhd8ed1ab_0.tar.bz2#b70f24d33f31f9e30624244448ce2e77
https://conda.anaconda.org/conda-forge/linux-64/pytest-6.2.2-py37h89c1867_0.tar.bz2#0a75bc96b711fddbe3d62d40eefd61ae
https://conda.anaconda.org/conda-forge/noarch/urllib3-1.26.3-pyhd8ed1ab_0.tar.bz2#25573e57774dd54cfa848e5dd44503ed
https://conda.anaconda.org/conda-forge/noarch/wcwidth-0.2.5-pyh9f0ad1d_2.tar.bz2#5266fcd697043c59621fda522b3d78ee
https://conda.anaconda.org/conda-forge/noarch/dask-2021.1.1-pyhd8ed1ab_0.tar.bz2#ba282fd8832d80bcbf7992bc1d69e71d
https://conda.anaconda.org/conda-forge/noarch/nbclient-0.5.1-py_0.tar.bz2#4efba375c50e6668cb5778e36d1f3a7e
https://conda.anaconda.org/conda-forge/linux-64/nbconvert-5.6.1-py37hc8dfbb8_1.tar.bz2#2f7e5d51e31ea55b21efcdc07d6b1cd2
https://conda.anaconda.org/conda-forge/noarch/prompt_toolkit-1.0.15-py_1.tar.bz2#f5bea0930b268df84653cb32c8d1542f
https://conda.anaconda.org/conda-forge/noarch/requests-2.25.1-pyhd3deb0d_0.tar.bz2#ae687aba31a1c400192a86a2e993ffdc
https://conda.anaconda.org/conda-forge/linux-64/ipython-5.8.0-py37_1.tar.bz2#953f75baf7df2e9a77e26e4e07ae05eb
https://conda.anaconda.org/conda-forge/noarch/sphinx-3.4.3-pyhd8ed1ab_0.tar.bz2#159479e039e2739601b295565321db15
https://conda.anaconda.org/conda-forge/noarch/ipykernel-5.1.0-pyh24bf2e0_0.tar.bz2#c7395d6eca8b6bb6e9502aa24b9cc4f0
https://conda.anaconda.org/conda-forge/noarch/myst-parser-0.12.10-py_0.tar.bz2#be3bf2b4a25cc468510a2579fbe101a1
https://conda.anaconda.org/conda-forge/noarch/pydata-sphinx-theme-0.4.3-pyhd8ed1ab_0.tar.bz2#6b244842d35eb2c8f85a757cbb17947a
https://conda.anaconda.org/conda-forge/noarch/sphinx-togglebutton-0.2.2-pyh9f0ad1d_0.tar.bz2#f85d90f5ba3681a90a79444f2f6c285f
https://conda.anaconda.org/conda-forge/linux-64/notebook-6.2.0-py37h89c1867_0.tar.bz2#3bead31ff255215b069399b1dfb06200
https://conda.anaconda.org/conda-forge/noarch/nbdime-2.1.0-py_0.tar.bz2#f67fc83a532d286706aef7f9ec2a1739
https://conda.anaconda.org/conda-forge/linux-64/widgetsnbextension-3.5.1-py37h89c1867_4.tar.bz2#274af17d64191a15d3899d5fdc4abc02
https://conda.anaconda.org/conda-forge/noarch/ipywidgets-7.6.3-pyhd3deb0d_0.tar.bz2#536a9ed6d9e740f2b83d1a3c388e4388
https://conda.anaconda.org/conda-forge/noarch/jupyter-cache-0.4.1-py_0.tar.bz2#b326be185f02af10136ef8eb9fd3e2dc
https://conda.anaconda.org/conda-forge/noarch/jupyter-sphinx-0.3.2-py_0.tar.bz2#9ae5148b076ddba22552ddb57a4c22ee
https://conda.anaconda.org/conda-forge/noarch/myst-nb-0.10.1-py_0.tar.bz2#7e0b1188f876c469a6eaf31f5798233a
